
Microsoft Visual Studio Solution File, Format Version 12.00
# Visual Studio Version 17
VisualStudioVersion = 17.1.32319.34
MinimumVisualStudioVersion = 10.0.40219.1
Project("{FAE04EC0-301F-11D3-BF4B-00C04F79EFBC}") = "WepApiTGBot", "WepApiTGBot\WepApiTGBot.csproj", "{D982F8FB-E7AD-4AD9-9591-7E39B76489B2}"
EndProject
Global
	GlobalSection(SolutionConfigurationPlatforms) = preSolution
		Debug|Any CPU = Debug|Any CPU
		Release|Any CPU = Release|Any CPU
	EndGlobalSection
	GlobalSection(ProjectConfigurationPlatforms) = postSolution
		{D982F8FB-E7AD-4AD9-9591-7E39B76489B2}.Debug|Any CPU.ActiveCfg = Debug|Any CPU
		{D982F8FB-E7AD-4AD9-9591-7E39B76489B2}.Debug|Any CPU.Build.0 = Debug|Any CPU
		{D982F8FB-E7AD-4AD9-9591-7E39B76489B2}.Release|Any CPU.ActiveCfg = Release|Any CPU
		{D982F8FB-E7AD-4AD9-9591-7E39B76489B2}.Release|Any CPU.Build.0 = Release|Any CPU
	EndGlobalSection
	GlobalSection(SolutionProperties) = preSolution
		HideSolutionNode = FALSE
	EndGlobalSection
	GlobalSection(ExtensibilityGlobals) = postSolution
		SolutionGuid = {E8231F7A-A79B-4EF5-90F6-2E4F9E00FD1B}
	EndGlobalSection
EndGlobal
